
Microsoft Visual Studio Solution File, Format Version 12.00
# Visual Studio Version 17
VisualStudioVersion = 17.0.32112.339
MinimumVisualStudioVersion = 10.0.40219.1
Project("{9A19103F-16F7-4668-BE54-9A1E7A4F7556}") = "Jobsity.Chat.Api", "Jobsity.Chat.Api\Jobsity.Chat.Api.csproj", "{03884FD2-6375-4B78-AE71-8FF2A8FB35C1}"
EndProject
Project("{9A19103F-16F7-4668-BE54-9A1E7A4F7556}") = "Jobsity.Chat.Api.MessageBroker", "Jobsity.Chat.Api.MessageBroker\Jobsity.Chat.Api.MessageBroker.csproj", "{C2C6285F-910E-4D34-99B6-520626A6C8B0}"
EndProject
Project("{9A19103F-16F7-4668-BE54-9A1E7A4F7556}") = "Jobsity.Chat.Api.MessageBroker.Abstractions", "Jobsity.Chat.Api.MessageBroker.Abstractions\Jobsity.Chat.Api.MessageBroker.Abstractions.csproj", "{F9BEC927-49AF-4575-B7B5-734CF4302E5B}"
EndProject
Project("{9A19103F-16F7-4668-BE54-9A1E7A4F7556}") = "Jobsity.Chat.Api.SignalR", "Jobsity.Chat.Api.SignalR\Jobsity.Chat.Api.SignalR.csproj", "{C4B31BB6-8BBD-435B-B5E6-85F82153D756}"
EndProject
Project("{9A19103F-16F7-4668-BE54-9A1E7A4F7556}") = "Jobsity.Chat.Api.Application", "Jobsity.Chat.Api.Application\Jobsity.Chat.Api.Application.csproj", "{2CA4788E-D48B-4697-85F1-07860F6DCB1A}"
EndProject
Project("{FAE04EC0-301F-11D3-BF4B-00C04F79EFBC}") = "Jobsity.Chat.Api.Models", "Jobsity.Chat.Api.Models\Jobsity.Chat.Api.Models.csproj", "{07698144-A8FD-4857-A0E4-BB6C6D2A0DAE}"
EndProject
Project("{FAE04EC0-301F-11D3-BF4B-00C04F79EFBC}") = "Jobsity.Chat.Api.Persistance", "Jobsity.Chat.Api.Persistance\Jobsity.Chat.Api.Persistance.csproj", "{9187BF03-CEDC-4B47-8943-69B39DCD941D}"
EndProject
Global
	GlobalSection(SolutionConfigurationPlatforms) = preSolution
		Debug|Any CPU = Debug|Any CPU
		Release|Any CPU = Release|Any CPU
	EndGlobalSection
	GlobalSection(ProjectConfigurationPlatforms) = postSolution
		{03884FD2-6375-4B78-AE71-8FF2A8FB35C1}.Debug|Any CPU.ActiveCfg = Debug|Any CPU
		{03884FD2-6375-4B78-AE71-8FF2A8FB35C1}.Debug|Any CPU.Build.0 = Debug|Any CPU
		{03884FD2-6375-4B78-AE71-8FF2A8FB35C1}.Release|Any CPU.ActiveCfg = Release|Any CPU
		{03884FD2-6375-4B78-AE71-8FF2A8FB35C1}.Release|Any CPU.Build.0 = Release|Any CPU
		{C2C6285F-910E-4D34-99B6-520626A6C8B0}.Debug|Any CPU.ActiveCfg = Debug|Any CPU
		{C2C6285F-910E-4D34-99B6-520626A6C8B0}.Debug|Any CPU.Build.0 = Debug|Any CPU
		{C2C6285F-910E-4D34-99B6-520626A6C8B0}.Release|Any CPU.ActiveCfg = Release|Any CPU
		{C2C6285F-910E-4D34-99B6-520626A6C8B0}.Release|Any CPU.Build.0 = Release|Any CPU
		{F9BEC927-49AF-4575-B7B5-734CF4302E5B}.Debug|Any CPU.ActiveCfg = Debug|Any CPU
		{F9BEC927-49AF-4575-B7B5-734CF4302E5B}.Debug|Any CPU.Build.0 = Debug|Any CPU
		{F9BEC927-49AF-4575-B7B5-734CF4302E5B}.Release|Any CPU.ActiveCfg = Release|Any CPU
		{F9BEC927-49AF-4575-B7B5-734CF4302E5B}.Release|Any CPU.Build.0 = Release|Any CPU
		{C4B31BB6-8BBD-435B-B5E6-85F82153D756}.Debug|Any CPU.ActiveCfg = Debug|Any CPU
		{C4B31BB6-8BBD-435B-B5E6-85F82153D756}.Debug|Any CPU.Build.0 = Debug|Any CPU
		{C4B31BB6-8BBD-435B-B5E6-85F82153D756}.Release|Any CPU.ActiveCfg = Release|Any CPU
		{C4B31BB6-8BBD-435B-B5E6-85F82153D756}.Release|Any CPU.Build.0 = Release|Any CPU
		{2CA4788E-D48B-4697-85F1-07860F6DCB1A}.Debug|Any CPU.ActiveCfg = Debug|Any CPU
		{2CA4788E-D48B-4697-85F1-07860F6DCB1A}.Debug|Any CPU.Build.0 = Debug|Any CPU
		{2CA4788E-D48B-4697-85F1-07860F6DCB1A}.Release|Any CPU.ActiveCfg = Release|Any CPU
		{2CA4788E-D48B-4697-85F1-07860F6DCB1A}.Release|Any CPU.Build.0 = Release|Any CPU
		{07698144-A8FD-4857-A0E4-BB6C6D2A0DAE}.Debug|Any CPU.ActiveCfg = Debug|Any CPU
		{07698144-A8FD-4857-A0E4-BB6C6D2A0DAE}.Debug|Any CPU.Build.0 = Debug|Any CPU
		{07698144-A8FD-4857-A0E4-BB6C6D2A0DAE}.Release|Any CPU.ActiveCfg = Release|Any CPU
		{07698144-A8FD-4857-A0E4-BB6C6D2A0DAE}.Release|Any CPU.Build.0 = Release|Any CPU
		{9187BF03-CEDC-4B47-8943-69B39DCD941D}.Debug|Any CPU.ActiveCfg = Debug|Any CPU
		{9187BF03-CEDC-4B47-8943-69B39DCD941D}.Debug|Any CPU.Build.0 = Debug|Any CPU
		{9187BF03-CEDC-4B47-8943-69B39DCD941D}.Release|Any CPU.ActiveCfg = Release|Any CPU
		{9187BF03-CEDC-4B47-8943-69B39DCD941D}.Release|Any CPU.Build.0 = Release|Any CPU
	EndGlobalSection
	GlobalSection(SolutionProperties) = preSolution
		HideSolutionNode = FALSE
	EndGlobalSection
	GlobalSection(ExtensibilityGlobals) = postSolution
		SolutionGuid = {1B9D18AE-637E-402D-B9DC-F16E803DE863}
	EndGlobalSection
EndGlobal
